
Microsoft Visual Studio Solution File, Format Version 12.00
# Visual Studio Version 17
VisualStudioVersion = 17.9.34728.123
MinimumVisualStudioVersion = 10.0.40219.1
Project("{FAE04EC0-301F-11D3-BF4B-00C04F79EFBC}") = "CRM_Tool", "CRM_Tool\CRM_Tool.csproj", "{F248DF71-0DA9-4E82-90E4-2F03D6154B1E}"
EndProject
Global
	GlobalSection(SolutionConfigurationPlatforms) = preSolution
		Debug|Any CPU = Debug|Any CPU
		Release|Any CPU = Release|Any CPU
	EndGlobalSection
	GlobalSection(ProjectConfigurationPlatforms) = postSolution
		{F248DF71-0DA9-4E82-90E4-2F03D6154B1E}.Debug|Any CPU.ActiveCfg = Debug|Any CPU
		{F248DF71-0DA9-4E82-90E4-2F03D6154B1E}.Debug|Any CPU.Build.0 = Debug|Any CPU
		{F248DF71-0DA9-4E82-90E4-2F03D6154B1E}.Release|Any CPU.ActiveCfg = Release|Any CPU
		{F248DF71-0DA9-4E82-90E4-2F03D6154B1E}.Release|Any CPU.Build.0 = Release|Any CPU
	EndGlobalSection
	GlobalSection(SolutionProperties) = preSolution
		HideSolutionNode = FALSE
	EndGlobalSection
	GlobalSection(ExtensibilityGlobals) = postSolution
		SolutionGuid = {70E9D6ED-F654-4A0C-99D2-D9255BA67E52}
	EndGlobalSection
EndGlobal
